
Microsoft Visual Studio Solution File, Format Version 12.00
# Visual Studio Version 17
VisualStudioVersion = 17.5.002.0
MinimumVisualStudioVersion = 10.0.40219.1
Project("{9A19103F-16F7-4668-BE54-9A1E7A4F7556}") = "MyFirstConsoleApp", "MyFirstConsoleApp\MyFirstConsoleApp.csproj", "{473D6572-9BD9-4D55-8F0D-F9AF1C25869D}"
EndProject
Global
	GlobalSection(SolutionConfigurationPlatforms) = preSolution
		Debug|Any CPU = Debug|Any CPU
		Release|Any CPU = Release|Any CPU
	EndGlobalSection
	GlobalSection(ProjectConfigurationPlatforms) = postSolution
		{473D6572-9BD9-4D55-8F0D-F9AF1C25869D}.Debug|Any CPU.ActiveCfg = Debug|Any CPU
		{473D6572-9BD9-4D55-8F0D-F9AF1C25869D}.Debug|Any CPU.Build.0 = Debug|Any CPU
		{473D6572-9BD9-4D55-8F0D-F9AF1C25869D}.Release|Any CPU.ActiveCfg = Release|Any CPU
		{473D6572-9BD9-4D55-8F0D-F9AF1C25869D}.Release|Any CPU.Build.0 = Release|Any CPU
	EndGlobalSection
	GlobalSection(SolutionProperties) = preSolution
		HideSolutionNode = FALSE
	EndGlobalSection
	GlobalSection(ExtensibilityGlobals) = postSolution
		SolutionGuid = {FBAAF7E1-1559-4CB5-9BBE-47945C282A64}
	EndGlobalSection
EndGlobal
